// !$*UTF8*$!
{
	archiveVersion = 1;
	classes = {
	};
	objectVersion = 46;
	objects = {

/* Begin PBXBuildFile section */
		EC04308C1573A5780075AE6C /* Cocoa.framework in Frameworks */ = {isa = PBXBuildFile; fileRef = EC04308B1573A5780075AE6C /* Cocoa.framework */; };
		EC0430961573A5780075AE6C /* InfoPlist.strings in Resources */ = {isa = PBXBuildFile; fileRef = EC0430941573A5780075AE6C /* InfoPlist.strings */; };
		EC0430981573A5780075AE6C /* main.m in Sources */ = {isa = PBXBuildFile; fileRef = EC0430971573A5780075AE6C /* main.m */; };
		EC04309C1573A5780075AE6C /* Credits.rtf in Resources */ = {isa = PBXBuildFile; fileRef = EC04309A1573A5780075AE6C /* Credits.rtf */; };
		EC04309F1573A5780075AE6C /* AppDelegate.m in Sources */ = {isa = PBXBuildFile; fileRef = EC04309E1573A5780075AE6C /* AppDelegate.m */; };
		EC0430A21573A5790075AE6C /* MainMenu.xib in Resources */ = {isa = PBXBuildFile; fileRef = EC0430A01573A5790075AE6C /* MainMenu.xib */; };
		EC0430AB1573AD5F0075AE6C /* GesturesViewController.m in Sources */ = {isa = PBXBuildFile; fileRef = EC0430AA1573AD5F0075AE6C /* GesturesViewController.m */; };
		ECD5CBBF1574B5E30094A49C /* handTrackingbg.png in Resources */ = {isa = PBXBuildFile; fileRef = ECD5CBBD1574B5E30094A49C /* handTrackingbg.png */; };
		ECD5CBC01574B5E30094A49C /* handTracker.png in Resources */ = {isa = PBXBuildFile; fileRef = ECD5CBBE1574B5E30094A49C /* handTracker.png */; };
		ECFAA55C1573B21800CB3473 /* SpeechViewController.m in Sources */ = {isa = PBXBuildFile; fileRef = ECFAA55B1573B21800CB3473 /* SpeechViewController.m */; };
		ECFAA5601573B22300CB3473 /* HandTrackingViewController.m in Sources */ = {isa = PBXBuildFile; fileRef = ECFAA55F1573B22300CB3473 /* HandTrackingViewController.m */; };
		ECFAA5AB1573E55F00CB3473 /* About.txt in Resources */ = {isa = PBXBuildFile; fileRef = ECFAA5771573E55F00CB3473 /* About.txt */; };
		ECFAA5AC1573E55F00CB3473 /* GCDAsyncSocket.m in Sources */ = {isa = PBXBuildFile; fileRef = ECFAA5791573E55F00CB3473 /* GCDAsyncSocket.m */; };
		ECFAA5AD1573E55F00CB3473 /* DDData.m in Sources */ = {isa = PBXBuildFile; fileRef = ECFAA57D1573E55F00CB3473 /* DDData.m */; };
		ECFAA5AE1573E55F00CB3473 /* DDNumber.m in Sources */ = {isa = PBXBuildFile; fileRef = ECFAA57F1573E55F00CB3473 /* DDNumber.m */; };
		ECFAA5AF1573E55F00CB3473 /* DDRange.m in Sources */ = {isa = PBXBuildFile; fileRef = ECFAA5811573E55F00CB3473 /* DDRange.m */; };
		ECFAA5B01573E55F00CB3473 /* HTTPAuthenticationRequest.m in Sources */ = {isa = PBXBuildFile; fileRef = ECFAA5831573E55F00CB3473 /* HTTPAuthenticationRequest.m */; };
		ECFAA5B11573E55F00CB3473 /* HTTPConnection.m in Sources */ = {isa = PBXBuildFile; fileRef = ECFAA5851573E55F00CB3473 /* HTTPConnection.m */; };
		ECFAA5B21573E55F00CB3473 /* HTTPMessage.m in Sources */ = {isa = PBXBuildFile; fileRef = ECFAA5881573E55F00CB3473 /* HTTPMessage.m */; };
		ECFAA5B31573E55F00CB3473 /* HTTPServer.m in Sources */ = {isa = PBXBuildFile; fileRef = ECFAA58B1573E55F00CB3473 /* HTTPServer.m */; };
		ECFAA5B41573E55F00CB3473 /* HTTPAsyncFileResponse.m in Sources */ = {isa = PBXBuildFile; fileRef = ECFAA58E1573E55F00CB3473 /* HTTPAsyncFileResponse.m */; };
		ECFAA5B51573E55F00CB3473 /* HTTPDataResponse.m in Sources */ = {isa = PBXBuildFile; fileRef = ECFAA5901573E55F00CB3473 /* HTTPDataResponse.m */; };
		ECFAA5B61573E55F00CB3473 /* HTTPDynamicFileResponse.m in Sources */ = {isa = PBXBuildFile; fileRef = ECFAA5921573E55F00CB3473 /* HTTPDynamicFileResponse.m */; };
		ECFAA5B71573E55F00CB3473 /* HTTPFileResponse.m in Sources */ = {isa = PBXBuildFile; fileRef = ECFAA5941573E55F00CB3473 /* HTTPFileResponse.m */; };
		ECFAA5B81573E55F00CB3473 /* HTTPRedirectResponse.m in Sources */ = {isa = PBXBuildFile; fileRef = ECFAA5961573E55F00CB3473 /* HTTPRedirectResponse.m */; };
		ECFAA5B91573E55F00CB3473 /* WebSocket.m in Sources */ = {isa = PBXBuildFile; fileRef = ECFAA5981573E55F00CB3473 /* WebSocket.m */; };
		ECFAA5BA1573E55F00CB3473 /* About.txt in Resources */ = {isa = PBXBuildFile; fileRef = ECFAA59A1573E55F00CB3473 /* About.txt */; };
		ECFAA5BB1573E55F00CB3473 /* DDAbstractDatabaseLogger.m in Sources */ = {isa = PBXBuildFile; fileRef = ECFAA59C1573E55F00CB3473 /* DDAbstractDatabaseLogger.m */; };
		ECFAA5BC1573E55F00CB3473 /* DDASLLogger.m in Sources */ = {isa = PBXBuildFile; fileRef = ECFAA59E1573E55F00CB3473 /* DDASLLogger.m */; };
		ECFAA5BD1573E55F00CB3473 /* DDFileLogger.m in Sources */ = {isa = PBXBuildFile; fileRef = ECFAA5A01573E55F00CB3473 /* DDFileLogger.m */; };
		ECFAA5BE1573E55F00CB3473 /* DDLog.m in Sources */ = {isa = PBXBuildFile; fileRef = ECFAA5A21573E55F00CB3473 /* DDLog.m */; };
		ECFAA5BF1573E55F00CB3473 /* DDTTYLogger.m in Sources */ = {isa = PBXBuildFile; fileRef = ECFAA5A41573E55F00CB3473 /* DDTTYLogger.m */; };
		ECFAA5C01573E55F00CB3473 /* ContextFilterLogFormatter.m in Sources */ = {isa = PBXBuildFile; fileRef = ECFAA5A71573E55F00CB3473 /* ContextFilterLogFormatter.m */; };
		ECFAA5C11573E55F00CB3473 /* DispatchQueueLogFormatter.m in Sources */ = {isa = PBXBuildFile; fileRef = ECFAA5A91573E55F00CB3473 /* DispatchQueueLogFormatter.m */; };
		ECFAA5C21573E55F00CB3473 /* README.txt in Resources */ = {isa = PBXBuildFile; fileRef = ECFAA5AA1573E55F00CB3473 /* README.txt */; };
		ECFAA5C91573EDC300CB3473 /* Security.framework in Frameworks */ = {isa = PBXBuildFile; fileRef = ECFAA5C81573EDC300CB3473 /* Security.framework */; };
		ECFAA5D0157410D200CB3473 /* KinesisConnection.m in Sources */ = {isa = PBXBuildFile; fileRef = ECFAA5CF157410D200CB3473 /* KinesisConnection.m */; };
		ECFAA5D3157410E900CB3473 /* KinesisWebSocket.m in Sources */ = {isa = PBXBuildFile; fileRef = ECFAA5D2157410E900CB3473 /* KinesisWebSocket.m */; };
		ECFAA5D61574169D00CB3473 /* KinesisServer.m in Sources */ = {isa = PBXBuildFile; fileRef = ECFAA5D51574169D00CB3473 /* KinesisServer.m */; };
/* End PBXBuildFile section */

/* Begin PBXFileReference section */
		EC0430871573A5780075AE6C /* Kinesis Simulator.app */ = {isa = PBXFileReference; explicitFileType = wrapper.application; includeInIndex = 0; path = "Kinesis Simulator.app"; sourceTree = BUILT_PRODUCTS_DIR; };
		EC04308B1573A5780075AE6C /* Cocoa.framework */ = {isa = PBXFileReference; lastKnownFileType = wrapper.framework; name = Cocoa.framework; path = System/Library/Frameworks/Cocoa.framework; sourceTree = SDKROOT; };
		EC04308E1573A5780075AE6C /* AppKit.framework */ = {isa = PBXFileReference; lastKnownFileType = wrapper.framework; name = AppKit.framework; path = System/Library/Frameworks/AppKit.framework; sourceTree = SDKROOT; };
		EC04308F1573A5780075AE6C /* CoreData.framework */ = {isa = PBXFileReference; lastKnownFileType = wrapper.framework; name = CoreData.framework; path = System/Library/Frameworks/CoreData.framework; sourceTree = SDKROOT; };
		EC0430901573A5780075AE6C /* Foundation.framework */ = {isa = PBXFileReference; lastKnownFileType = wrapper.framework; name = Foundation.framework; path = System/Library/Frameworks/Foundation.framework; sourceTree = SDKROOT; };
		EC0430931573A5780075AE6C /* Kinesis Simulator-Info.plist */ = {isa = PBXFileReference; lastKnownFileType = text.plist.xml; path = "Kinesis Simulator-Info.plist"; sourceTree = "<group>"; };
		EC0430951573A5780075AE6C /* en */ = {isa = PBXFileReference; lastKnownFileType = text.plist.strings; name = en; path = en.lproj/InfoPlist.strings; sourceTree = "<group>"; };
		EC0430971573A5780075AE6C /* main.m */ = {isa = PBXFileReference; lastKnownFileType = sourcecode.c.objc; path = main.m; sourceTree = "<group>"; };
		EC0430991573A5780075AE6C /* Kinesis Simulator-Prefix.pch */ = {isa = PBXFileReference; lastKnownFileType = sourcecode.c.h; path = "Kinesis Simulator-Prefix.pch"; sourceTree = "<group>"; };
		EC04309B1573A5780075AE6C /* en */ = {isa = PBXFileReference; lastKnownFileType = text.rtf; name = en; path = en.lproj/Credits.rtf; sourceTree = "<group>"; };
		EC04309D1573A5780075AE6C /* AppDelegate.h */ = {isa = PBXFileReference; lastKnownFileType = sourcecode.c.h; path = AppDelegate.h; sourceTree = "<group>"; };
		EC04309E1573A5780075AE6C /* AppDelegate.m */ = {isa = PBXFileReference; lastKnownFileType = sourcecode.c.objc; path = AppDelegate.m; sourceTree = "<group>"; };
		EC0430A11573A5790075AE6C /* en */ = {isa = PBXFileReference; lastKnownFileType = file.xib; name = en; path = en.lproj/MainMenu.xib; sourceTree = "<group>"; };
		EC0430A81573A9580075AE6C /* Kinesis Simulator.entitlements */ = {isa = PBXFileReference; lastKnownFileType = text.xml; path = "Kinesis Simulator.entitlements"; sourceTree = "<group>"; };
		EC0430A91573AD5F0075AE6C /* GesturesViewController.h */ = {isa = PBXFileReference; fileEncoding = 4; lastKnownFileType = sourcecode.c.h; path = GesturesViewController.h; sourceTree = "<group>"; };
		EC0430AA1573AD5F0075AE6C /* GesturesViewController.m */ = {isa = PBXFileReference; fileEncoding = 4; lastKnownFileType = sourcecode.c.objc; path = GesturesViewController.m; sourceTree = "<group>"; };
		ECD5CBBD1574B5E30094A49C /* handTrackingbg.png */ = {isa = PBXFileReference; lastKnownFileType = image.png; path = handTrackingbg.png; sourceTree = "<group>"; };
		ECD5CBBE1574B5E30094A49C /* handTracker.png */ = {isa = PBXFileReference; lastKnownFileType = image.png; path = handTracker.png; sourceTree = "<group>"; };
		ECFAA55A1573B21800CB3473 /* SpeechViewController.h */ = {isa = PBXFileReference; fileEncoding = 4; lastKnownFileType = sourcecode.c.h; path = SpeechViewController.h; sourceTree = "<group>"; };
		ECFAA55B1573B21800CB3473 /* SpeechViewController.m */ = {isa = PBXFileReference; fileEncoding = 4; lastKnownFileType = sourcecode.c.objc; path = SpeechViewController.m; sourceTree = "<group>"; };
		ECFAA55E1573B22300CB3473 /* HandTrackingViewController.h */ = {isa = PBXFileReference; fileEncoding = 4; lastKnownFileType = sourcecode.c.h; path = HandTrackingViewController.h; sourceTree = "<group>"; };
		ECFAA55F1573B22300CB3473 /* HandTrackingViewController.m */ = {isa = PBXFileReference; fileEncoding = 4; lastKnownFileType = sourcecode.c.objc; path = HandTrackingViewController.m; sourceTree = "<group>"; };
		ECFAA5771573E55F00CB3473 /* About.txt */ = {isa = PBXFileReference; fileEncoding = 4; lastKnownFileType = text; path = About.txt; sourceTree = "<group>"; };
		ECFAA5781573E55F00CB3473 /* GCDAsyncSocket.h */ = {isa = PBXFileReference; fileEncoding = 4; lastKnownFileType = sourcecode.c.h; path = GCDAsyncSocket.h; sourceTree = "<group>"; };
		ECFAA5791573E55F00CB3473 /* GCDAsyncSocket.m */ = {isa = PBXFileReference; fileEncoding = 4; lastKnownFileType = sourcecode.c.objc; path = GCDAsyncSocket.m; sourceTree = "<group>"; };
		ECFAA57C1573E55F00CB3473 /* DDData.h */ = {isa = PBXFileReference; fileEncoding = 4; lastKnownFileType = sourcecode.c.h; path = DDData.h; sourceTree = "<group>"; };
		ECFAA57D1573E55F00CB3473 /* DDData.m */ = {isa = PBXFileReference; fileEncoding = 4; lastKnownFileType = sourcecode.c.objc; path = DDData.m; sourceTree = "<group>"; };
		ECFAA57E1573E55F00CB3473 /* DDNumber.h */ = {isa = PBXFileReference; fileEncoding = 4; lastKnownFileType = sourcecode.c.h; path = DDNumber.h; sourceTree = "<group>"; };
		ECFAA57F1573E55F00CB3473 /* DDNumber.m */ = {isa = PBXFileReference; fileEncoding = 4; lastKnownFileType = sourcecode.c.objc; path = DDNumber.m; sourceTree = "<group>"; };
		ECFAA5801573E55F00CB3473 /* DDRange.h */ = {isa = PBXFileReference; fileEncoding = 4; lastKnownFileType = sourcecode.c.h; path = DDRange.h; sourceTree = "<group>"; };
		ECFAA5811573E55F00CB3473 /* DDRange.m */ = {isa = PBXFileReference; fileEncoding = 4; lastKnownFileType = sourcecode.c.objc; path = DDRange.m; sourceTree = "<group>"; };
		ECFAA5821573E55F00CB3473 /* HTTPAuthenticationRequest.h */ = {isa = PBXFileReference; fileEncoding = 4; lastKnownFileType = sourcecode.c.h; path = HTTPAuthenticationRequest.h; sourceTree = "<group>"; };
		ECFAA5831573E55F00CB3473 /* HTTPAuthenticationRequest.m */ = {isa = PBXFileReference; fileEncoding = 4; lastKnownFileType = sourcecode.c.objc; path = HTTPAuthenticationRequest.m; sourceTree = "<group>"; };
		ECFAA5841573E55F00CB3473 /* HTTPConnection.h */ = {isa = PBXFileReference; fileEncoding = 4; lastKnownFileType = sourcecode.c.h; path = HTTPConnection.h; sourceTree = "<group>"; };
		ECFAA5851573E55F00CB3473 /* HTTPConnection.m */ = {isa = PBXFileReference; fileEncoding = 4; lastKnownFileType = sourcecode.c.objc; path = HTTPConnection.m; sourceTree = "<group>"; };
		ECFAA5861573E55F00CB3473 /* HTTPLogging.h */ = {isa = PBXFileReference; fileEncoding = 4; lastKnownFileType = sourcecode.c.h; path = HTTPLogging.h; sourceTree = "<group>"; };
		ECFAA5871573E55F00CB3473 /* HTTPMessage.h */ = {isa = PBXFileReference; fileEncoding = 4; lastKnownFileType = sourcecode.c.h; path = HTTPMessage.h; sourceTree = "<group>"; };
		ECFAA5881573E55F00CB3473 /* HTTPMessage.m */ = {isa = PBXFileReference; fileEncoding = 4; lastKnownFileType = sourcecode.c.objc; path = HTTPMessage.m; sourceTree = "<group>"; };
		ECFAA5891573E55F00CB3473 /* HTTPResponse.h */ = {isa = PBXFileReference; fileEncoding = 4; lastKnownFileType = sourcecode.c.h; path = HTTPResponse.h; sourceTree = "<group>"; };
		ECFAA58A1573E55F00CB3473 /* HTTPServer.h */ = {isa = PBXFileReference; fileEncoding = 4; lastKnownFileType = sourcecode.c.h; path = HTTPServer.h; sourceTree = "<group>"; };
		ECFAA58B1573E55F00CB3473 /* HTTPServer.m */ = {isa = PBXFileReference; fileEncoding = 4; lastKnownFileType = sourcecode.c.objc; path = HTTPServer.m; sourceTree = "<group>"; };
		ECFAA58D1573E55F00CB3473 /* HTTPAsyncFileResponse.h */ = {isa = PBXFileReference; fileEncoding = 4; lastKnownFileType = sourcecode.c.h; path = HTTPAsyncFileResponse.h; sourceTree = "<group>"; };
		ECFAA58E1573E55F00CB3473 /* HTTPAsyncFileResponse.m */ = {isa = PBXFileReference; fileEncoding = 4; lastKnownFileType = sourcecode.c.objc; path = HTTPAsyncFileResponse.m; sourceTree = "<group>"; };
		ECFAA58F1573E55F00CB3473 /* HTTPDataResponse.h */ = {isa = PBXFileReference; fileEncoding = 4; lastKnownFileType = sourcecode.c.h; path = HTTPDataResponse.h; sourceTree = "<group>"; };
		ECFAA5901573E55F00CB3473 /* HTTPDataResponse.m */ = {isa = PBXFileReference; fileEncoding = 4; lastKnownFileType = sourcecode.c.objc; path = HTTPDataResponse.m; sourceTree = "<group>"; };
		ECFAA5911573E55F00CB3473 /* HTTPDynamicFileResponse.h */ = {isa = PBXFileReference; fileEncoding = 4; lastKnownFileType = sourcecode.c.h; path = HTTPDynamicFileResponse.h; sourceTree = "<group>"; };
		ECFAA5921573E55F00CB3473 /* HTTPDynamicFileResponse.m */ = {isa = PBXFileReference; fileEncoding = 4; lastKnownFileType = sourcecode.c.objc; path = HTTPDynamicFileResponse.m; sourceTree = "<group>"; };
		ECFAA5931573E55F00CB3473 /* HTTPFileResponse.h */ = {isa = PBXFileReference; fileEncoding = 4; lastKnownFileType = sourcecode.c.h; path = HTTPFileResponse.h; sourceTree = "<group>"; };
		ECFAA5941573E55F00CB3473 /* HTTPFileResponse.m */ = {isa = PBXFileReference; fileEncoding = 4; lastKnownFileType = sourcecode.c.objc; path = HTTPFileResponse.m; sourceTree = "<group>"; };
		ECFAA5951573E55F00CB3473 /* HTTPRedirectResponse.h */ = {isa = PBXFileReference; fileEncoding = 4; lastKnownFileType = sourcecode.c.h; path = HTTPRedirectResponse.h; sourceTree = "<group>"; };
		ECFAA5961573E55F00CB3473 /* HTTPRedirectResponse.m */ = {isa = PBXFileReference; fileEncoding = 4; lastKnownFileType = sourcecode.c.objc; path = HTTPRedirectResponse.m; sourceTree = "<group>"; };
		ECFAA5971573E55F00CB3473 /* WebSocket.h */ = {isa = PBXFileReference; fileEncoding = 4; lastKnownFileType = sourcecode.c.h; path = WebSocket.h; sourceTree = "<group>"; };
		ECFAA5981573E55F00CB3473 /* WebSocket.m */ = {isa = PBXFileReference; fileEncoding = 4; lastKnownFileType = sourcecode.c.objc; path = WebSocket.m; sourceTree = "<group>"; };
		ECFAA59A1573E55F00CB3473 /* About.txt */ = {isa = PBXFileReference; fileEncoding = 4; lastKnownFileType = text; path = About.txt; sourceTree = "<group>"; };
		ECFAA59B1573E55F00CB3473 /* DDAbstractDatabaseLogger.h */ = {isa = PBXFileReference; fileEncoding = 4; lastKnownFileType = sourcecode.c.h; path = DDAbstractDatabaseLogger.h; sourceTree = "<group>"; };
		ECFAA59C1573E55F00CB3473 /* DDAbstractDatabaseLogger.m */ = {isa = PBXFileReference; fileEncoding = 4; lastKnownFileType = sourcecode.c.objc; path = DDAbstractDatabaseLogger.m; sourceTree = "<group>"; };
		ECFAA59D1573E55F00CB3473 /* DDASLLogger.h */ = {isa = PBXFileReference; fileEncoding = 4; lastKnownFileType = sourcecode.c.h; path = DDASLLogger.h; sourceTree = "<group>"; };
		ECFAA59E1573E55F00CB3473 /* DDASLLogger.m */ = {isa = PBXFileReference; fileEncoding = 4; lastKnownFileType = sourcecode.c.objc; path = DDASLLogger.m; sourceTree = "<group>"; };
		ECFAA59F1573E55F00CB3473 /* DDFileLogger.h */ = {isa = PBXFileReference; fileEncoding = 4; lastKnownFileType = sourcecode.c.h; path = DDFileLogger.h; sourceTree = "<group>"; };
		ECFAA5A01573E55F00CB3473 /* DDFileLogger.m */ = {isa = PBXFileReference; fileEncoding = 4; lastKnownFileType = sourcecode.c.objc; path = DDFileLogger.m; sourceTree = "<group>"; };
		ECFAA5A11573E55F00CB3473 /* DDLog.h */ = {isa = PBXFileReference; fileEncoding = 4; lastKnownFileType = sourcecode.c.h; path = DDLog.h; sourceTree = "<group>"; };
		ECFAA5A21573E55F00CB3473 /* DDLog.m */ = {isa = PBXFileReference; fileEncoding = 4; lastKnownFileType = sourcecode.c.objc; path = DDLog.m; sourceTree = "<group>"; };
		ECFAA5A31573E55F00CB3473 /* DDTTYLogger.h */ = {isa = PBXFileReference; fileEncoding = 4; lastKnownFileType = sourcecode.c.h; path = DDTTYLogger.h; sourceTree = "<group>"; };
		ECFAA5A41573E55F00CB3473 /* DDTTYLogger.m */ = {isa = PBXFileReference; fileEncoding = 4; lastKnownFileType = sourcecode.c.objc; path = DDTTYLogger.m; sourceTree = "<group>"; };
		ECFAA5A61573E55F00CB3473 /* ContextFilterLogFormatter.h */ = {isa = PBXFileReference; fileEncoding = 4; lastKnownFileType = sourcecode.c.h; path = ContextFilterLogFormatter.h; sourceTree = "<group>"; };
		ECFAA5A71573E55F00CB3473 /* ContextFilterLogFormatter.m */ = {isa = PBXFileReference; fileEncoding = 4; lastKnownFileType = sourcecode.c.objc; path = ContextFilterLogFormatter.m; sourceTree = "<group>"; };
		ECFAA5A81573E55F00CB3473 /* DispatchQueueLogFormatter.h */ = {isa = PBXFileReference; fileEncoding = 4; lastKnownFileType = sourcecode.c.h; path = DispatchQueueLogFormatter.h; sourceTree = "<group>"; };
		ECFAA5A91573E55F00CB3473 /* DispatchQueueLogFormatter.m */ = {isa = PBXFileReference; fileEncoding = 4; lastKnownFileType = sourcecode.c.objc; path = DispatchQueueLogFormatter.m; sourceTree = "<group>"; };
		ECFAA5AA1573E55F00CB3473 /* README.txt */ = {isa = PBXFileReference; fileEncoding = 4; lastKnownFileType = text; path = README.txt; sourceTree = "<group>"; };
		ECFAA5C81573EDC300CB3473 /* Security.framework */ = {isa = PBXFileReference; lastKnownFileType = wrapper.framework; name = Security.framework; path = System/Library/Frameworks/Security.framework; sourceTree = SDKROOT; };
		ECFAA5CE157410D200CB3473 /* KinesisConnection.h */ = {isa = PBXFileReference; fileEncoding = 4; lastKnownFileType = sourcecode.c.h; path = KinesisConnection.h; sourceTree = "<group>"; };
		ECFAA5CF157410D200CB3473 /* KinesisConnection.m */ = {isa = PBXFileReference; fileEncoding = 4; lastKnownFileType = sourcecode.c.objc; path = KinesisConnection.m; sourceTree = "<group>"; };
		ECFAA5D1157410E900CB3473 /* KinesisWebSocket.h */ = {isa = PBXFileReference; fileEncoding = 4; lastKnownFileType = sourcecode.c.h; path = KinesisWebSocket.h; sourceTree = "<group>"; };
		ECFAA5D2157410E900CB3473 /* KinesisWebSocket.m */ = {isa = PBXFileReference; fileEncoding = 4; lastKnownFileType = sourcecode.c.objc; path = KinesisWebSocket.m; sourceTree = "<group>"; };
		ECFAA5D41574169D00CB3473 /* KinesisServer.h */ = {isa = PBXFileReference; fileEncoding = 4; lastKnownFileType = sourcecode.c.h; path = KinesisServer.h; sourceTree = "<group>"; };
		ECFAA5D51574169D00CB3473 /* KinesisServer.m */ = {isa = PBXFileReference; fileEncoding = 4; lastKnownFileType = sourcecode.c.objc; path = KinesisServer.m; sourceTree = "<group>"; };
/* End PBXFileReference section */

/* Begin PBXFrameworksBuildPhase section */
		EC0430841573A5780075AE6C /* Frameworks */ = {
			isa = PBXFrameworksBuildPhase;
			buildActionMask = 2147483647;
			files = (
				EC04308C1573A5780075AE6C /* Cocoa.framework in Frameworks */,
				ECFAA5C91573EDC300CB3473 /* Security.framework in Frameworks */,
			);
			runOnlyForDeploymentPostprocessing = 0;
		};
/* End PBXFrameworksBuildPhase section */

/* Begin PBXGroup section */
		EC04307C1573A5780075AE6C = {
			isa = PBXGroup;
			children = (
				ECD5CBBD1574B5E30094A49C /* handTrackingbg.png */,
				ECD5CBBE1574B5E30094A49C /* handTracker.png */,
				ECFAA5751573E55F00CB3473 /* Vendor */,
				EC0430911573A5780075AE6C /* Kinesis Simulator */,
				EC04308A1573A5780075AE6C /* Frameworks */,
				EC0430881573A5780075AE6C /* Products */,
			);
			sourceTree = "<group>";
		};
		EC0430881573A5780075AE6C /* Products */ = {
			isa = PBXGroup;
			children = (
				EC0430871573A5780075AE6C /* Kinesis Simulator.app */,
			);
			name = Products;
			sourceTree = "<group>";
		};
		EC04308A1573A5780075AE6C /* Frameworks */ = {
			isa = PBXGroup;
			children = (
				ECFAA5C81573EDC300CB3473 /* Security.framework */,
				EC04308B1573A5780075AE6C /* Cocoa.framework */,
				EC04308D1573A5780075AE6C /* Other Frameworks */,
			);
			name = Frameworks;
			sourceTree = "<group>";
		};
		EC04308D1573A5780075AE6C /* Other Frameworks */ = {
			isa = PBXGroup;
			children = (
				EC04308E1573A5780075AE6C /* AppKit.framework */,
				EC04308F1573A5780075AE6C /* CoreData.framework */,
				EC0430901573A5780075AE6C /* Foundation.framework */,
			);
			name = "Other Frameworks";
			sourceTree = "<group>";
		};
		EC0430911573A5780075AE6C /* Kinesis Simulator */ = {
			isa = PBXGroup;
			children = (
				EC0430A81573A9580075AE6C /* Kinesis Simulator.entitlements */,
				EC04309D1573A5780075AE6C /* AppDelegate.h */,
				EC04309E1573A5780075AE6C /* AppDelegate.m */,
				EC0430A01573A5790075AE6C /* MainMenu.xib */,
				EC0430921573A5780075AE6C /* Supporting Files */,
				EC0430A91573AD5F0075AE6C /* GesturesViewController.h */,
				EC0430AA1573AD5F0075AE6C /* GesturesViewController.m */,
				ECFAA55A1573B21800CB3473 /* SpeechViewController.h */,
				ECFAA55B1573B21800CB3473 /* SpeechViewController.m */,
				ECFAA55E1573B22300CB3473 /* HandTrackingViewController.h */,
				ECFAA55F1573B22300CB3473 /* HandTrackingViewController.m */,
				ECFAA5CE157410D200CB3473 /* KinesisConnection.h */,
				ECFAA5CF157410D200CB3473 /* KinesisConnection.m */,
				ECFAA5D1157410E900CB3473 /* KinesisWebSocket.h */,
				ECFAA5D2157410E900CB3473 /* KinesisWebSocket.m */,
				ECFAA5D41574169D00CB3473 /* KinesisServer.h */,
				ECFAA5D51574169D00CB3473 /* KinesisServer.m */,
			);
			path = "Kinesis Simulator";
			sourceTree = "<group>";
		};
		EC0430921573A5780075AE6C /* Supporting Files */ = {
			isa = PBXGroup;
			children = (
				EC0430931573A5780075AE6C /* Kinesis Simulator-Info.plist */,
				EC0430941573A5780075AE6C /* InfoPlist.strings */,
				EC0430971573A5780075AE6C /* main.m */,
				EC0430991573A5780075AE6C /* Kinesis Simulator-Prefix.pch */,
				EC04309A1573A5780075AE6C /* Credits.rtf */,
			);
			name = "Supporting Files";
			sourceTree = "<group>";
		};
		ECFAA5751573E55F00CB3473 /* Vendor */ = {
			isa = PBXGroup;
			children = (
				ECFAA5761573E55F00CB3473 /* CocoaAsyncSocket */,
				ECFAA57A1573E55F00CB3473 /* CocoaHTTPServer */,
				ECFAA5991573E55F00CB3473 /* CocoaLumberjack */,
			);
			name = Vendor;
			path = "Kinesis Simulator/Vendor";
			sourceTree = "<group>";
		};
		ECFAA5761573E55F00CB3473 /* CocoaAsyncSocket */ = {
			isa = PBXGroup;
			children = (
				ECFAA5771573E55F00CB3473 /* About.txt */,
				ECFAA5781573E55F00CB3473 /* GCDAsyncSocket.h */,
				ECFAA5791573E55F00CB3473 /* GCDAsyncSocket.m */,
			);
			path = CocoaAsyncSocket;
			sourceTree = "<group>";
		};
		ECFAA57A1573E55F00CB3473 /* CocoaHTTPServer */ = {
			isa = PBXGroup;
			children = (
				ECFAA57B1573E55F00CB3473 /* Categories */,
				ECFAA5821573E55F00CB3473 /* HTTPAuthenticationRequest.h */,
				ECFAA5831573E55F00CB3473 /* HTTPAuthenticationRequest.m */,
				ECFAA5841573E55F00CB3473 /* HTTPConnection.h */,
				ECFAA5851573E55F00CB3473 /* HTTPConnection.m */,
				ECFAA5861573E55F00CB3473 /* HTTPLogging.h */,
				ECFAA5871573E55F00CB3473 /* HTTPMessage.h */,
				ECFAA5881573E55F00CB3473 /* HTTPMessage.m */,
				ECFAA5891573E55F00CB3473 /* HTTPResponse.h */,
				ECFAA58A1573E55F00CB3473 /* HTTPServer.h */,
				ECFAA58B1573E55F00CB3473 /* HTTPServer.m */,
				ECFAA58C1573E55F00CB3473 /* Responses */,
				ECFAA5971573E55F00CB3473 /* WebSocket.h */,
				ECFAA5981573E55F00CB3473 /* WebSocket.m */,
			);
			path = CocoaHTTPServer;
			sourceTree = "<group>";
		};
		ECFAA57B1573E55F00CB3473 /* Categories */ = {
			isa = PBXGroup;
			children = (
				ECFAA57C1573E55F00CB3473 /* DDData.h */,
				ECFAA57D1573E55F00CB3473 /* DDData.m */,
				ECFAA57E1573E55F00CB3473 /* DDNumber.h */,
				ECFAA57F1573E55F00CB3473 /* DDNumber.m */,
				ECFAA5801573E55F00CB3473 /* DDRange.h */,
				ECFAA5811573E55F00CB3473 /* DDRange.m */,
			);
			path = Categories;
			sourceTree = "<group>";
		};
		ECFAA58C1573E55F00CB3473 /* Responses */ = {
			isa = PBXGroup;
			children = (
				ECFAA58D1573E55F00CB3473 /* HTTPAsyncFileResponse.h */,
				ECFAA58E1573E55F00CB3473 /* HTTPAsyncFileResponse.m */,
				ECFAA58F1573E55F00CB3473 /* HTTPDataResponse.h */,
				ECFAA5901573E55F00CB3473 /* HTTPDataResponse.m */,
				ECFAA5911573E55F00CB3473 /* HTTPDynamicFileResponse.h */,
				ECFAA5921573E55F00CB3473 /* HTTPDynamicFileResponse.m */,
				ECFAA5931573E55F00CB3473 /* HTTPFileResponse.h */,
				ECFAA5941573E55F00CB3473 /* HTTPFileResponse.m */,
				ECFAA5951573E55F00CB3473 /* HTTPRedirectResponse.h */,
				ECFAA5961573E55F00CB3473 /* HTTPRedirectResponse.m */,
			);
			path = Responses;
			sourceTree = "<group>";
		};
		ECFAA5991573E55F00CB3473 /* CocoaLumberjack */ = {
			isa = PBXGroup;
			children = (
				ECFAA59A1573E55F00CB3473 /* About.txt */,
				ECFAA59B1573E55F00CB3473 /* DDAbstractDatabaseLogger.h */,
				ECFAA59C1573E55F00CB3473 /* DDAbstractDatabaseLogger.m */,
				ECFAA59D1573E55F00CB3473 /* DDASLLogger.h */,
				ECFAA59E1573E55F00CB3473 /* DDASLLogger.m */,
				ECFAA59F1573E55F00CB3473 /* DDFileLogger.h */,
				ECFAA5A01573E55F00CB3473 /* DDFileLogger.m */,
				ECFAA5A11573E55F00CB3473 /* DDLog.h */,
				ECFAA5A21573E55F00CB3473 /* DDLog.m */,
				ECFAA5A31573E55F00CB3473 /* DDTTYLogger.h */,
				ECFAA5A41573E55F00CB3473 /* DDTTYLogger.m */,
				ECFAA5A51573E55F00CB3473 /* Extensions */,
			);
			path = CocoaLumberjack;
			sourceTree = "<group>";
		};
		ECFAA5A51573E55F00CB3473 /* Extensions */ = {
			isa = PBXGroup;
			children = (
				ECFAA5A61573E55F00CB3473 /* ContextFilterLogFormatter.h */,
				ECFAA5A71573E55F00CB3473 /* ContextFilterLogFormatter.m */,
				ECFAA5A81573E55F00CB3473 /* DispatchQueueLogFormatter.h */,
				ECFAA5A91573E55F00CB3473 /* DispatchQueueLogFormatter.m */,
				ECFAA5AA1573E55F00CB3473 /* README.txt */,
			);
			path = Extensions;
			sourceTree = "<group>";
		};
/* End PBXGroup section */

/* Begin PBXNativeTarget section */
		EC0430861573A5780075AE6C /* Kinesis Simulator */ = {
			isa = PBXNativeTarget;
			buildConfigurationList = EC0430A51573A5790075AE6C /* Build configuration list for PBXNativeTarget "Kinesis Simulator" */;
			buildPhases = (
				EC0430831573A5780075AE6C /* Sources */,
				EC0430841573A5780075AE6C /* Frameworks */,
				EC0430851573A5780075AE6C /* Resources */,
			);
			buildRules = (
			);
			dependencies = (
			);
			name = "Kinesis Simulator";
			productName = "Kinesis Simulator";
			productReference = EC0430871573A5780075AE6C /* Kinesis Simulator.app */;
			productType = "com.apple.product-type.application";
		};
/* End PBXNativeTarget section */

/* Begin PBXProject section */
		EC04307E1573A5780075AE6C /* Project object */ = {
			isa = PBXProject;
			attributes = {
				LastUpgradeCheck = 0430;
			};
			buildConfigurationList = EC0430811573A5780075AE6C /* Build configuration list for PBXProject "Kinesis Simulator" */;
			compatibilityVersion = "Xcode 3.2";
			developmentRegion = English;
			hasScannedForEncodings = 0;
			knownRegions = (
				en,
			);
			mainGroup = EC04307C1573A5780075AE6C;
			productRefGroup = EC0430881573A5780075AE6C /* Products */;
			projectDirPath = "";
			projectRoot = "";
			targets = (
				EC0430861573A5780075AE6C /* Kinesis Simulator */,
			);
		};
/* End PBXProject section */

/* Begin PBXResourcesBuildPhase section */
		EC0430851573A5780075AE6C /* Resources */ = {
			isa = PBXResourcesBuildPhase;
			buildActionMask = 2147483647;
			files = (
				EC0430961573A5780075AE6C /* InfoPlist.strings in Resources */,
				EC04309C1573A5780075AE6C /* Credits.rtf in Resources */,
				EC0430A21573A5790075AE6C /* MainMenu.xib in Resources */,
				ECFAA5AB1573E55F00CB3473 /* About.txt in Resources */,
				ECFAA5BA1573E55F00CB3473 /* About.txt in Resources */,
				ECFAA5C21573E55F00CB3473 /* README.txt in Resources */,
				ECD5CBBF1574B5E30094A49C /* handTrackingbg.png in Resources */,
				ECD5CBC01574B5E30094A49C /* handTracker.png in Resources */,
			);
			runOnlyForDeploymentPostprocessing = 0;
		};
/* End PBXResourcesBuildPhase section */

/* Begin PBXSourcesBuildPhase section */
		EC0430831573A5780075AE6C /* Sources */ = {
			isa = PBXSourcesBuildPhase;
			buildActionMask = 2147483647;
			files = (
				EC0430981573A5780075AE6C /* main.m in Sources */,
				EC04309F1573A5780075AE6C /* AppDelegate.m in Sources */,
				EC0430AB1573AD5F0075AE6C /* GesturesViewController.m in Sources */,
				ECFAA55C1573B21800CB3473 /* SpeechViewController.m in Sources */,
				ECFAA5601573B22300CB3473 /* HandTrackingViewController.m in Sources */,
				ECFAA5AC1573E55F00CB3473 /* GCDAsyncSocket.m in Sources */,
				ECFAA5AD1573E55F00CB3473 /* DDData.m in Sources */,
				ECFAA5AE1573E55F00CB3473 /* DDNumber.m in Sources */,
				ECFAA5AF1573E55F00CB3473 /* DDRange.m in Sources */,
				ECFAA5B01573E55F00CB3473 /* HTTPAuthenticationRequest.m in Sources */,
				ECFAA5B11573E55F00CB3473 /* HTTPConnection.m in Sources */,
				ECFAA5B21573E55F00CB3473 /* HTTPMessage.m in Sources */,
				ECFAA5B31573E55F00CB3473 /* HTTPServer.m in Sources */,
				ECFAA5B41573E55F00CB3473 /* HTTPAsyncFileResponse.m in Sources */,
				ECFAA5B51573E55F00CB3473 /* HTTPDataResponse.m in Sources */,
				ECFAA5B61573E55F00CB3473 /* HTTPDynamicFileResponse.m in Sources */,
				ECFAA5B71573E55F00CB3473 /* HTTPFileResponse.m in Sources */,
				ECFAA5B81573E55F00CB3473 /* HTTPRedirectResponse.m in Sources */,
				ECFAA5B91573E55F00CB3473 /* WebSocket.m in Sources */,
				ECFAA5BB1573E55F00CB3473 /* DDAbstractDatabaseLogger.m in Sources */,
				ECFAA5BC1573E55F00CB3473 /* DDASLLogger.m in Sources */,
				ECFAA5BD1573E55F00CB3473 /* DDFileLogger.m in Sources */,
				ECFAA5BE1573E55F00CB3473 /* DDLog.m in Sources */,
				ECFAA5BF1573E55F00CB3473 /* DDTTYLogger.m in Sources */,
				ECFAA5C01573E55F00CB3473 /* ContextFilterLogFormatter.m in Sources */,
				ECFAA5C11573E55F00CB3473 /* DispatchQueueLogFormatter.m in Sources */,
				ECFAA5D0157410D200CB3473 /* KinesisConnection.m in Sources */,
				ECFAA5D3157410E900CB3473 /* KinesisWebSocket.m in Sources */,
				ECFAA5D61574169D00CB3473 /* KinesisServer.m in Sources */,
			);
			runOnlyForDeploymentPostprocessing = 0;
		};
/* End PBXSourcesBuildPhase section */

/* Begin PBXVariantGroup section */
		EC0430941573A5780075AE6C /* InfoPlist.strings */ = {
			isa = PBXVariantGroup;
			children = (
				EC0430951573A5780075AE6C /* en */,
			);
			name = InfoPlist.strings;
			sourceTree = "<group>";
		};
		EC04309A1573A5780075AE6C /* Credits.rtf */ = {
			isa = PBXVariantGroup;
			children = (
				EC04309B1573A5780075AE6C /* en */,
			);
			name = Credits.rtf;
			sourceTree = "<group>";
		};
		EC0430A01573A5790075AE6C /* MainMenu.xib */ = {
			isa = PBXVariantGroup;
			children = (
				EC0430A11573A5790075AE6C /* en */,
			);
			name = MainMenu.xib;
			sourceTree = "<group>";
		};
/* End PBXVariantGroup section */

/* Begin XCBuildConfiguration section */
		EC0430A31573A5790075AE6C /* Debug */ = {
			isa = XCBuildConfiguration;
			buildSettings = {
				ALWAYS_SEARCH_USER_PATHS = NO;
				ARCHS = "$(ARCHS_STANDARD_64_BIT)";
				CLANG_ENABLE_OBJC_ARC = YES;
				COPY_PHASE_STRIP = NO;
				GCC_C_LANGUAGE_STANDARD = gnu99;
				GCC_DYNAMIC_NO_PIC = NO;
				GCC_ENABLE_OBJC_EXCEPTIONS = YES;
				GCC_OPTIMIZATION_LEVEL = 0;
				GCC_PREPROCESSOR_DEFINITIONS = (
					"DEBUG=1",
					"$(inherited)",
				);
				GCC_SYMBOLS_PRIVATE_EXTERN = NO;
				GCC_VERSION = com.apple.compilers.llvm.clang.1_0;
				GCC_WARN_64_TO_32_BIT_CONVERSION = YES;
				GCC_WARN_ABOUT_RETURN_TYPE = YES;
				GCC_WARN_UNINITIALIZED_AUTOS = YES;
				GCC_WARN_UNUSED_VARIABLE = YES;
				MACOSX_DEPLOYMENT_TARGET = 10.7;
				ONLY_ACTIVE_ARCH = YES;
				SDKROOT = macosx;
			};
			name = Debug;
		};
		EC0430A41573A5790075AE6C /* Release */ = {
			isa = XCBuildConfiguration;
			buildSettings = {
				ALWAYS_SEARCH_USER_PATHS = NO;
				ARCHS = "$(ARCHS_STANDARD_64_BIT)";
				CLANG_ENABLE_OBJC_ARC = YES;
				COPY_PHASE_STRIP = YES;
				DEBUG_INFORMATION_FORMAT = "dwarf-with-dsym";
				GCC_C_LANGUAGE_STANDARD = gnu99;
				GCC_ENABLE_OBJC_EXCEPTIONS = YES;
				GCC_VERSION = com.apple.compilers.llvm.clang.1_0;
				GCC_WARN_64_TO_32_BIT_CONVERSION = YES;
				GCC_WARN_ABOUT_RETURN_TYPE = YES;
				GCC_WARN_UNINITIALIZED_AUTOS = YES;
				GCC_WARN_UNUSED_VARIABLE = YES;
				MACOSX_DEPLOYMENT_TARGET = 10.7;
				SDKROOT = macosx;
			};
			name = Release;
		};
		EC0430A61573A5790075AE6C /* Debug */ = {
			isa = XCBuildConfiguration;
			buildSettings = {
				CODE_SIGN_ENTITLEMENTS = "Kinesis Simulator/Kinesis Simulator.entitlements";
				GCC_PRECOMPILE_PREFIX_HEADER = YES;
				GCC_PREFIX_HEADER = "Kinesis Simulator/Kinesis Simulator-Prefix.pch";
				INFOPLIST_FILE = "Kinesis Simulator/Kinesis Simulator-Info.plist";
				PRODUCT_NAME = "$(TARGET_NAME)";
				WRAPPER_EXTENSION = app;
			};
			name = Debug;
		};
		EC0430A71573A5790075AE6C /* Release */ = {
			isa = XCBuildConfiguration;
			buildSettings = {
				CODE_SIGN_ENTITLEMENTS = "Kinesis Simulator/Kinesis Simulator.entitlements";
				GCC_PRECOMPILE_PREFIX_HEADER = YES;
				GCC_PREFIX_HEADER = "Kinesis Simulator/Kinesis Simulator-Prefix.pch";
				INFOPLIST_FILE = "Kinesis Simulator/Kinesis Simulator-Info.plist";
				PRODUCT_NAME = "$(TARGET_NAME)";
				WRAPPER_EXTENSION = app;
			};
			name = Release;
		};
/* End XCBuildConfiguration section */

/* Begin XCConfigurationList section */
		EC0430811573A5780075AE6C /* Build configuration list for PBXProject "Kinesis Simulator" */ = {
			isa = XCConfigurationList;
			buildConfigurations = (
				EC0430A31573A5790075AE6C /* Debug */,
				EC0430A41573A5790075AE6C /* Release */,
			);
			defaultConfigurationIsVisible = 0;
			defaultConfigurationName = Release;
		};
		EC0430A51573A5790075AE6C /* Build configuration list for PBXNativeTarget "Kinesis Simulator" */ = {
			isa = XCConfigurationList;
			buildConfigurations = (
				EC0430A61573A5790075AE6C /* Debug */,
				EC0430A71573A5790075AE6C /* Release */,
			);
			defaultConfigurationIsVisible = 0;
			defaultConfigurationName = Release;
		};
/* End XCConfigurationList section */
	};
	rootObject = EC04307E1573A5780075AE6C /* Project object */;
}
